
Microsoft Visual Studio Solution File, Format Version 12.00
# Visual Studio Version 17
VisualStudioVersion = 17.9.34714.143
MinimumVisualStudioVersion = 10.0.40219.1
Project("{FAE04EC0-301F-11D3-BF4B-00C04F79EFBC}") = "MandelbrotSet", "MandelbrotSet.csproj", "{BC1E57FD-6091-4E29-BBCF-20F77A185FA2}"
EndProject
Global
	GlobalSection(SolutionConfigurationPlatforms) = preSolution
		Debug|Any CPU = Debug|Any CPU
		Release|Any CPU = Release|Any CPU
	EndGlobalSection
	GlobalSection(ProjectConfigurationPlatforms) = postSolution
		{BC1E57FD-6091-4E29-BBCF-20F77A185FA2}.Debug|Any CPU.ActiveCfg = Debug|Any CPU
		{BC1E57FD-6091-4E29-BBCF-20F77A185FA2}.Debug|Any CPU.Build.0 = Debug|Any CPU
		{BC1E57FD-6091-4E29-BBCF-20F77A185FA2}.Release|Any CPU.ActiveCfg = Release|Any CPU
		{BC1E57FD-6091-4E29-BBCF-20F77A185FA2}.Release|Any CPU.Build.0 = Release|Any CPU
	EndGlobalSection
	GlobalSection(SolutionProperties) = preSolution
		HideSolutionNode = FALSE
	EndGlobalSection
	GlobalSection(ExtensibilityGlobals) = postSolution
		SolutionGuid = {965E8497-9D0C-4849-A6DE-8530987518FA}
	EndGlobalSection
EndGlobal
